{
  "name": "codex-ops",
  "version": "0.3.3",
  "lockfileVersion": 3,
  "requires": true,
  "packages": {
    "": {
      "name": "codex-ops",
      "version": "0.3.3",
      "license": "MIT",
      "bin": {
        "codex-ops": "bin/codex-ops.js"
      },
      "engines": {
        "node": ">=20.12.0"
      },
      "optionalDependencies": {
        "@codexops/darwin-arm64": "0.3.3",
        "@codexops/darwin-x64": "0.3.3",
        "@codexops/linux-arm64-gnu": "0.3.3",
        "@codexops/linux-arm64-musl": "0.3.3",
        "@codexops/linux-x64-gnu": "0.3.3",
        "@codexops/linux-x64-musl": "0.3.3",
        "@codexops/win32-x64-msvc": "0.3.3"
      }
    },
    "node_modules/@codexops/darwin-arm64": {
      "optional": true
    },
    "node_modules/@codexops/darwin-x64": {
      "optional": true
    },
    "node_modules/@codexops/linux-arm64-gnu": {
      "optional": true
    },
    "node_modules/@codexops/linux-arm64-musl": {
      "optional": true
    },
    "node_modules/@codexops/linux-x64-gnu": {
      "optional": true
    },
    "node_modules/@codexops/linux-x64-musl": {
      "optional": true
    },
    "node_modules/@codexops/win32-x64-msvc": {
      "optional": true
    }
  }
}
